<?xml version="1.0" encoding="utf-8"?>
<Project ToolsVersion="4.0" xmlns="http://schemas.microsoft.com/developer/msbuild/2003">
  <ItemGroup>
    <Filter Include="dependencies">
      <UniqueIdentifier>{93995380-89BD-4b04-88EB-625FBE52EBFB}</UniqueIdentifier>
      <Extensions>h;hh;hpp;hxx;h++;hm;inl;inc;ipp;xsd</Extensions>
    </Filter>
    <Filter Include="projects">
      <UniqueIdentifier>{67DA6AB6-F800-4c08-8B7A-83BB121AAD01}</UniqueIdentifier>
      <Extensions>rc;ico;cur;bmp;dlg;rc2;rct;bin;rgs;gif;jpg;jpeg;jpe;resx;tiff;tif;png;wav;mfcribbon-ms</Extensions>
    </Filter>
    <Filter Include="projects\KiwiCore">
      <UniqueIdentifier>{4FC737F1-C7A5-4376-A066-2A32D752A2FF}</UniqueIdentifier>
      <Extensions>cpp;c;cc;cxx;c++;cppm;ixx;def;odl;idl;hpj;bat;asm;asmx</Extensions>
    </Filter>
    <Filter Include="dependencies\luajit">
      <UniqueIdentifier>{d1343108-64fe-425d-81c6-759af66a810c}</UniqueIdentifier>
    </Filter>
  </ItemGroup>
  <ItemGroup>
    <ClCompile Include="DLLMain.cpp">
      <Filter>projects\KiwiCore</Filter>
    </ClCompile>
    <ClCompile Include="CConsole.cpp">
      <Filter>projects\KiwiCore</Filter>
    </ClCompile>
    <ClCompile Include="..\..\dependencies\luajit\lib_aux.c">
      <Filter>dependencies\luajit</Filter>
    </ClCompile>
    <ClCompile Include="..\..\dependencies\luajit\lib_base.c">
      <Filter>dependencies\luajit</Filter>
    </ClCompile>
    <ClCompile Include="..\..\dependencies\luajit\lib_bit.c">
      <Filter>dependencies\luajit</Filter>
    </ClCompile>
    <ClCompile Include="..\..\dependencies\luajit\lib_buffer.c">
      <Filter>dependencies\luajit</Filter>
    </ClCompile>
    <ClCompile Include="..\..\dependencies\luajit\lib_debug.c">
      <Filter>dependencies\luajit</Filter>
    </ClCompile>
    <ClCompile Include="..\..\dependencies\luajit\lib_ffi.c">
      <Filter>dependencies\luajit</Filter>
    </ClCompile>
    <ClCompile Include="..\..\dependencies\luajit\lib_init.c">
      <Filter>dependencies\luajit</Filter>
    </ClCompile>
    <ClCompile Include="..\..\dependencies\luajit\lib_io.c">
      <Filter>dependencies\luajit</Filter>
    </ClCompile>
    <ClCompile Include="..\..\dependencies\luajit\lib_jit.c">
      <Filter>dependencies\luajit</Filter>
    </ClCompile>
    <ClCompile Include="..\..\dependencies\luajit\lib_math.c">
      <Filter>dependencies\luajit</Filter>
    </ClCompile>
    <ClCompile Include="..\..\dependencies\luajit\lib_os.c">
      <Filter>dependencies\luajit</Filter>
    </ClCompile>
    <ClCompile Include="..\..\dependencies\luajit\lib_package.c">
      <Filter>dependencies\luajit</Filter>
    </ClCompile>
    <ClCompile Include="..\..\dependencies\luajit\lib_string.c">
      <Filter>dependencies\luajit</Filter>
    </ClCompile>
    <ClCompile Include="..\..\dependencies\luajit\lib_table.c">
      <Filter>dependencies\luajit</Filter>
    </ClCompile>
    <ClCompile Include="..\..\dependencies\luajit\lj_alloc.c">
      <Filter>dependencies\luajit</Filter>
    </ClCompile>
    <ClCompile Include="..\..\dependencies\luajit\lj_api.c">
      <Filter>dependencies\luajit</Filter>
    </ClCompile>
    <ClCompile Include="..\..\dependencies\luajit\lj_asm.c">
      <Filter>dependencies\luajit</Filter>
    </ClCompile>
    <ClCompile Include="..\..\dependencies\luajit\lj_assert.c">
      <Filter>dependencies\luajit</Filter>
    </ClCompile>
    <ClCompile Include="..\..\dependencies\luajit\lj_bc.c">
      <Filter>dependencies\luajit</Filter>
    </ClCompile>
    <ClCompile Include="..\..\dependencies\luajit\lj_bcread.c">
      <Filter>dependencies\luajit</Filter>
    </ClCompile>
    <ClCompile Include="..\..\dependencies\luajit\lj_bcwrite.c">
      <Filter>dependencies\luajit</Filter>
    </ClCompile>
    <ClCompile Include="..\..\dependencies\luajit\lj_buf.c">
      <Filter>dependencies\luajit</Filter>
    </ClCompile>
    <ClCompile Include="..\..\dependencies\luajit\lj_carith.c">
      <Filter>dependencies\luajit</Filter>
    </ClCompile>
    <ClCompile Include="..\..\dependencies\luajit\lj_ccall.c">
      <Filter>dependencies\luajit</Filter>
    </ClCompile>
    <ClCompile Include="..\..\dependencies\luajit\lj_ccallback.c">
      <Filter>dependencies\luajit</Filter>
    </ClCompile>
    <ClCompile Include="..\..\dependencies\luajit\lj_cconv.c">
      <Filter>dependencies\luajit</Filter>
    </ClCompile>
    <ClCompile Include="..\..\dependencies\luajit\lj_cdata.c">
      <Filter>dependencies\luajit</Filter>
    </ClCompile>
    <ClCompile Include="..\..\dependencies\luajit\lj_char.c">
      <Filter>dependencies\luajit</Filter>
    </ClCompile>
    <ClCompile Include="..\..\dependencies\luajit\lj_clib.c">
      <Filter>dependencies\luajit</Filter>
    </ClCompile>
    <ClCompile Include="..\..\dependencies\luajit\lj_cparse.c">
      <Filter>dependencies\luajit</Filter>
    </ClCompile>
    <ClCompile Include="..\..\dependencies\luajit\lj_crecord.c">
      <Filter>dependencies\luajit</Filter>
    </ClCompile>
    <ClCompile Include="..\..\dependencies\luajit\lj_ctype.c">
      <Filter>dependencies\luajit</Filter>
    </ClCompile>
    <ClCompile Include="..\..\dependencies\luajit\lj_debug.c">
      <Filter>dependencies\luajit</Filter>
    </ClCompile>
    <ClCompile Include="..\..\dependencies\luajit\lj_dispatch.c">
      <Filter>dependencies\luajit</Filter>
    </ClCompile>
    <ClCompile Include="..\..\dependencies\luajit\lj_err.c">
      <Filter>dependencies\luajit</Filter>
    </ClCompile>
    <ClCompile Include="..\..\dependencies\luajit\lj_ffrecord.c">
      <Filter>dependencies\luajit</Filter>
    </ClCompile>
    <ClCompile Include="..\..\dependencies\luajit\lj_func.c">
      <Filter>dependencies\luajit</Filter>
    </ClCompile>
    <ClCompile Include="..\..\dependencies\luajit\lj_gc.c">
      <Filter>dependencies\luajit</Filter>
    </ClCompile>
    <ClCompile Include="..\..\dependencies\luajit\lj_gdbjit.c">
      <Filter>dependencies\luajit</Filter>
    </ClCompile>
    <ClCompile Include="..\..\dependencies\luajit\lj_ir.c">
      <Filter>dependencies\luajit</Filter>
    </ClCompile>
    <ClCompile Include="..\..\dependencies\luajit\lj_lex.c">
      <Filter>dependencies\luajit</Filter>
    </ClCompile>
    <ClCompile Include="..\..\dependencies\luajit\lj_lib.c">
      <Filter>dependencies\luajit</Filter>
    </ClCompile>
    <ClCompile Include="..\..\dependencies\luajit\lj_load.c">
      <Filter>dependencies\luajit</Filter>
    </ClCompile>
    <ClCompile Include="..\..\dependencies\luajit\lj_mcode.c">
      <Filter>dependencies\luajit</Filter>
    </ClCompile>
    <ClCompile Include="..\..\dependencies\luajit\lj_meta.c">
      <Filter>dependencies\luajit</Filter>
    </ClCompile>
    <ClCompile Include="..\..\dependencies\luajit\lj_obj.c">
      <Filter>dependencies\luajit</Filter>
    </ClCompile>
    <ClCompile Include="..\..\dependencies\luajit\lj_opt_dce.c">
      <Filter>dependencies\luajit</Filter>
    </ClCompile>
    <ClCompile Include="..\..\dependencies\luajit\lj_opt_fold.c">
      <Filter>dependencies\luajit</Filter>
    </ClCompile>
    <ClCompile Include="..\..\dependencies\luajit\lj_opt_loop.c">
      <Filter>dependencies\luajit</Filter>
    </ClCompile>
    <ClCompile Include="..\..\dependencies\luajit\lj_opt_mem.c">
      <Filter>dependencies\luajit</Filter>
    </ClCompile>
    <ClCompile Include="..\..\dependencies\luajit\lj_opt_narrow.c">
      <Filter>dependencies\luajit</Filter>
    </ClCompile>
    <ClCompile Include="..\..\dependencies\luajit\lj_opt_sink.c">
      <Filter>dependencies\luajit</Filter>
    </ClCompile>
    <ClCompile Include="..\..\dependencies\luajit\lj_opt_split.c">
      <Filter>dependencies\luajit</Filter>
    </ClCompile>
    <ClCompile Include="..\..\dependencies\luajit\lj_parse.c">
      <Filter>dependencies\luajit</Filter>
    </ClCompile>
    <ClCompile Include="..\..\dependencies\luajit\lj_prng.c">
      <Filter>dependencies\luajit</Filter>
    </ClCompile>
    <ClCompile Include="..\..\dependencies\luajit\lj_profile.c">
      <Filter>dependencies\luajit</Filter>
    </ClCompile>
    <ClCompile Include="..\..\dependencies\luajit\lj_record.c">
      <Filter>dependencies\luajit</Filter>
    </ClCompile>
    <ClCompile Include="..\..\dependencies\luajit\lj_serialize.c">
      <Filter>dependencies\luajit</Filter>
    </ClCompile>
    <ClCompile Include="..\..\dependencies\luajit\lj_snap.c">
      <Filter>dependencies\luajit</Filter>
    </ClCompile>
    <ClCompile Include="..\..\dependencies\luajit\lj_state.c">
      <Filter>dependencies\luajit</Filter>
    </ClCompile>
    <ClCompile Include="..\..\dependencies\luajit\lj_str.c">
      <Filter>dependencies\luajit</Filter>
    </ClCompile>
    <ClCompile Include="..\..\dependencies\luajit\lj_strfmt.c">
      <Filter>dependencies\luajit</Filter>
    </ClCompile>
    <ClCompile Include="..\..\dependencies\luajit\lj_strfmt_num.c">
      <Filter>dependencies\luajit</Filter>
    </ClCompile>
    <ClCompile Include="..\..\dependencies\luajit\lj_strscan.c">
      <Filter>dependencies\luajit</Filter>
    </ClCompile>
    <ClCompile Include="..\..\dependencies\luajit\lj_tab.c">
      <Filter>dependencies\luajit</Filter>
    </ClCompile>
    <ClCompile Include="..\..\dependencies\luajit\lj_trace.c">
      <Filter>dependencies\luajit</Filter>
    </ClCompile>
    <ClCompile Include="..\..\dependencies\luajit\lj_udata.c">
      <Filter>dependencies\luajit</Filter>
    </ClCompile>
    <ClCompile Include="..\..\dependencies\luajit\lj_vmevent.c">
      <Filter>dependencies\luajit</Filter>
    </ClCompile>
    <ClCompile Include="..\..\dependencies\luajit\lj_vmmath.c">
      <Filter>dependencies\luajit</Filter>
    </ClCompile>
    <ClCompile Include="..\..\dependencies\luajit\ljamalg.c">
      <Filter>dependencies\luajit</Filter>
    </ClCompile>
  </ItemGroup>
  <ItemGroup>
    <ClInclude Include="CConsole.h">
      <Filter>projects\KiwiCore</Filter>
    </ClInclude>
    <ClInclude Include="Globals.h">
      <Filter>projects\KiwiCore</Filter>
    </ClInclude>
    <ClInclude Include="..\..\dependencies\luajit\lauxlib.h">
      <Filter>dependencies\luajit</Filter>
    </ClInclude>
    <ClInclude Include="..\..\dependencies\luajit\lj_alloc.h">
      <Filter>dependencies\luajit</Filter>
    </ClInclude>
    <ClInclude Include="..\..\dependencies\luajit\lj_arch.h">
      <Filter>dependencies\luajit</Filter>
    </ClInclude>
    <ClInclude Include="..\..\dependencies\luajit\lj_asm.h">
      <Filter>dependencies\luajit</Filter>
    </ClInclude>
    <ClInclude Include="..\..\dependencies\luajit\lj_asm_arm.h">
      <Filter>dependencies\luajit</Filter>
    </ClInclude>
    <ClInclude Include="..\..\dependencies\luajit\lj_asm_arm64.h">
      <Filter>dependencies\luajit</Filter>
    </ClInclude>
    <ClInclude Include="..\..\dependencies\luajit\lj_asm_mips.h">
      <Filter>dependencies\luajit</Filter>
    </ClInclude>
    <ClInclude Include="..\..\dependencies\luajit\lj_asm_ppc.h">
      <Filter>dependencies\luajit</Filter>
    </ClInclude>
    <ClInclude Include="..\..\dependencies\luajit\lj_asm_x86.h">
      <Filter>dependencies\luajit</Filter>
    </ClInclude>
    <ClInclude Include="..\..\dependencies\luajit\lj_bc.h">
      <Filter>dependencies\luajit</Filter>
    </ClInclude>
    <ClInclude Include="..\..\dependencies\luajit\lj_bcdump.h">
      <Filter>dependencies\luajit</Filter>
    </ClInclude>
    <ClInclude Include="..\..\dependencies\luajit\lj_buf.h">
      <Filter>dependencies\luajit</Filter>
    </ClInclude>
    <ClInclude Include="..\..\dependencies\luajit\lj_carith.h">
      <Filter>dependencies\luajit</Filter>
    </ClInclude>
    <ClInclude Include="..\..\dependencies\luajit\lj_ccall.h">
      <Filter>dependencies\luajit</Filter>
    </ClInclude>
    <ClInclude Include="..\..\dependencies\luajit\lj_ccallback.h">
      <Filter>dependencies\luajit</Filter>
    </ClInclude>
    <ClInclude Include="..\..\dependencies\luajit\lj_cconv.h">
      <Filter>dependencies\luajit</Filter>
    </ClInclude>
    <ClInclude Include="..\..\dependencies\luajit\lj_cdata.h">
      <Filter>dependencies\luajit</Filter>
    </ClInclude>
    <ClInclude Include="..\..\dependencies\luajit\lj_char.h">
      <Filter>dependencies\luajit</Filter>
    </ClInclude>
    <ClInclude Include="..\..\dependencies\luajit\lj_clib.h">
      <Filter>dependencies\luajit</Filter>
    </ClInclude>
    <ClInclude Include="..\..\dependencies\luajit\lj_cparse.h">
      <Filter>dependencies\luajit</Filter>
    </ClInclude>
    <ClInclude Include="..\..\dependencies\luajit\lj_crecord.h">
      <Filter>dependencies\luajit</Filter>
    </ClInclude>
    <ClInclude Include="..\..\dependencies\luajit\lj_ctype.h">
      <Filter>dependencies\luajit</Filter>
    </ClInclude>
    <ClInclude Include="..\..\dependencies\luajit\lj_debug.h">
      <Filter>dependencies\luajit</Filter>
    </ClInclude>
    <ClInclude Include="..\..\dependencies\luajit\lj_def.h">
      <Filter>dependencies\luajit</Filter>
    </ClInclude>
    <ClInclude Include="..\..\dependencies\luajit\lj_dispatch.h">
      <Filter>dependencies\luajit</Filter>
    </ClInclude>
    <ClInclude Include="..\..\dependencies\luajit\lj_emit_arm.h">
      <Filter>dependencies\luajit</Filter>
    </ClInclude>
    <ClInclude Include="..\..\dependencies\luajit\lj_emit_arm64.h">
      <Filter>dependencies\luajit</Filter>
    </ClInclude>
    <ClInclude Include="..\..\dependencies\luajit\lj_emit_mips.h">
      <Filter>dependencies\luajit</Filter>
    </ClInclude>
    <ClInclude Include="..\..\dependencies\luajit\lj_emit_ppc.h">
      <Filter>dependencies\luajit</Filter>
    </ClInclude>
    <ClInclude Include="..\..\dependencies\luajit\lj_emit_x86.h">
      <Filter>dependencies\luajit</Filter>
    </ClInclude>
    <ClInclude Include="..\..\dependencies\luajit\lj_err.h">
      <Filter>dependencies\luajit</Filter>
    </ClInclude>
    <ClInclude Include="..\..\dependencies\luajit\lj_errmsg.h">
      <Filter>dependencies\luajit</Filter>
    </ClInclude>
    <ClInclude Include="..\..\dependencies\luajit\lj_ffrecord.h">
      <Filter>dependencies\luajit</Filter>
    </ClInclude>
    <ClInclude Include="..\..\dependencies\luajit\lj_frame.h">
      <Filter>dependencies\luajit</Filter>
    </ClInclude>
    <ClInclude Include="..\..\dependencies\luajit\lj_func.h">
      <Filter>dependencies\luajit</Filter>
    </ClInclude>
    <ClInclude Include="..\..\dependencies\luajit\lj_gc.h">
      <Filter>dependencies\luajit</Filter>
    </ClInclude>
    <ClInclude Include="..\..\dependencies\luajit\lj_gdbjit.h">
      <Filter>dependencies\luajit</Filter>
    </ClInclude>
    <ClInclude Include="..\..\dependencies\luajit\lj_ir.h">
      <Filter>dependencies\luajit</Filter>
    </ClInclude>
    <ClInclude Include="..\..\dependencies\luajit\lj_ircall.h">
      <Filter>dependencies\luajit</Filter>
    </ClInclude>
    <ClInclude Include="..\..\dependencies\luajit\lj_iropt.h">
      <Filter>dependencies\luajit</Filter>
    </ClInclude>
    <ClInclude Include="..\..\dependencies\luajit\lj_jit.h">
      <Filter>dependencies\luajit</Filter>
    </ClInclude>
    <ClInclude Include="..\..\dependencies\luajit\lj_lex.h">
      <Filter>dependencies\luajit</Filter>
    </ClInclude>
    <ClInclude Include="..\..\dependencies\luajit\lj_lib.h">
      <Filter>dependencies\luajit</Filter>
    </ClInclude>
    <ClInclude Include="..\..\dependencies\luajit\lj_mcode.h">
      <Filter>dependencies\luajit</Filter>
    </ClInclude>
    <ClInclude Include="..\..\dependencies\luajit\lj_meta.h">
      <Filter>dependencies\luajit</Filter>
    </ClInclude>
    <ClInclude Include="..\..\dependencies\luajit\lj_obj.h">
      <Filter>dependencies\luajit</Filter>
    </ClInclude>
    <ClInclude Include="..\..\dependencies\luajit\lj_parse.h">
      <Filter>dependencies\luajit</Filter>
    </ClInclude>
    <ClInclude Include="..\..\dependencies\luajit\lj_prng.h">
      <Filter>dependencies\luajit</Filter>
    </ClInclude>
    <ClInclude Include="..\..\dependencies\luajit\lj_profile.h">
      <Filter>dependencies\luajit</Filter>
    </ClInclude>
    <ClInclude Include="..\..\dependencies\luajit\lj_record.h">
      <Filter>dependencies\luajit</Filter>
    </ClInclude>
    <ClInclude Include="..\..\dependencies\luajit\lj_serialize.h">
      <Filter>dependencies\luajit</Filter>
    </ClInclude>
    <ClInclude Include="..\..\dependencies\luajit\lj_snap.h">
      <Filter>dependencies\luajit</Filter>
    </ClInclude>
    <ClInclude Include="..\..\dependencies\luajit\lj_state.h">
      <Filter>dependencies\luajit</Filter>
    </ClInclude>
    <ClInclude Include="..\..\dependencies\luajit\lj_str.h">
      <Filter>dependencies\luajit</Filter>
    </ClInclude>
    <ClInclude Include="..\..\dependencies\luajit\lj_strfmt.h">
      <Filter>dependencies\luajit</Filter>
    </ClInclude>
    <ClInclude Include="..\..\dependencies\luajit\lj_strscan.h">
      <Filter>dependencies\luajit</Filter>
    </ClInclude>
    <ClInclude Include="..\..\dependencies\luajit\lj_tab.h">
      <Filter>dependencies\luajit</Filter>
    </ClInclude>
    <ClInclude Include="..\..\dependencies\luajit\lj_target.h">
      <Filter>dependencies\luajit</Filter>
    </ClInclude>
    <ClInclude Include="..\..\dependencies\luajit\lj_target_arm.h">
      <Filter>dependencies\luajit</Filter>
    </ClInclude>
    <ClInclude Include="..\..\dependencies\luajit\lj_target_arm64.h">
      <Filter>dependencies\luajit</Filter>
    </ClInclude>
    <ClInclude Include="..\..\dependencies\luajit\lj_target_mips.h">
      <Filter>dependencies\luajit</Filter>
    </ClInclude>
    <ClInclude Include="..\..\dependencies\luajit\lj_target_ppc.h">
      <Filter>dependencies\luajit</Filter>
    </ClInclude>
    <ClInclude Include="..\..\dependencies\luajit\lj_target_x86.h">
      <Filter>dependencies\luajit</Filter>
    </ClInclude>
    <ClInclude Include="..\..\dependencies\luajit\lj_trace.h">
      <Filter>dependencies\luajit</Filter>
    </ClInclude>
    <ClInclude Include="..\..\dependencies\luajit\lj_traceerr.h">
      <Filter>dependencies\luajit</Filter>
    </ClInclude>
    <ClInclude Include="..\..\dependencies\luajit\lj_udata.h">
      <Filter>dependencies\luajit</Filter>
    </ClInclude>
    <ClInclude Include="..\..\dependencies\luajit\lj_vm.h">
      <Filter>dependencies\luajit</Filter>
    </ClInclude>
    <ClInclude Include="..\..\dependencies\luajit\lj_vmevent.h">
      <Filter>dependencies\luajit</Filter>
    </ClInclude>
    <ClInclude Include="..\..\dependencies\luajit\lua.h">
      <Filter>dependencies\luajit</Filter>
    </ClInclude>
    <ClInclude Include="..\..\dependencies\luajit\lua.hpp">
      <Filter>dependencies\luajit</Filter>
    </ClInclude>
    <ClInclude Include="..\..\dependencies\luajit\luaconf.h">
      <Filter>dependencies\luajit</Filter>
    </ClInclude>
    <ClInclude Include="..\..\dependencies\luajit\luajit.h">
      <Filter>dependencies\luajit</Filter>
    </ClInclude>
    <ClInclude Include="..\..\dependencies\luajit\luajit_rolling.h">
      <Filter>dependencies\luajit</Filter>
    </ClInclude>
    <ClInclude Include="..\..\dependencies\luajit\lualib.h">
      <Filter>dependencies\luajit</Filter>
    </ClInclude>
  </ItemGroup>
</Project>